
Microsoft Visual Studio Solution File, Format Version 12.00
# Visual Studio 14
VisualStudioVersion = 14.0.25420.1
MinimumVisualStudioVersion = 10.0.40219.1
Project("{FAE04EC0-301F-11D3-BF4B-00C04F79EFBC}") = "GestionComptesRendus", "GestionComptesRendus\GestionComptesRendus.csproj", "{B1F87363-142E-41CE-8B44-E31082EEDA68}"
EndProject
Project("{FAE04EC0-301F-11D3-BF4B-00C04F79EFBC}") = "EF6Winforms", "..\..\EF6WinForms\EF6Winforms.csproj", "{BC070117-CAD0-4B62-AB0E-5F6B4955F164}"
EndProject
Project("{FAE04EC0-301F-11D3-BF4B-00C04F79EFBC}") = "UnitTestProject1", "UnitTestProject1\UnitTestProject1.csproj", "{B0E1B5D8-A365-4E65-871C-672B9C6680D0}"
EndProject
Project("{6141683F-8A12-4E36-9623-2EB02B2C2303}") = "Setup", "Setup\Setup.isproj", "{C10C60AF-9AB7-4BE9-B448-41CB8E64AE11}"
	ProjectSection(ProjectDependencies) = postProject
		{BC070117-CAD0-4B62-AB0E-5F6B4955F164} = {BC070117-CAD0-4B62-AB0E-5F6B4955F164}
		{B1F87363-142E-41CE-8B44-E31082EEDA68} = {B1F87363-142E-41CE-8B44-E31082EEDA68}
	EndProjectSection
EndProject
Global
	GlobalSection(SolutionConfigurationPlatforms) = preSolution
		CD_ROM|Any CPU = CD_ROM|Any CPU
		CD_ROM|x86 = CD_ROM|x86
		Debug|Any CPU = Debug|Any CPU
		Debug|x86 = Debug|x86
		DVD-5|Any CPU = DVD-5|Any CPU
		DVD-5|x86 = DVD-5|x86
		Release|Any CPU = Release|Any CPU
		Release|x86 = Release|x86
		SingleImage|Any CPU = SingleImage|Any CPU
		SingleImage|x86 = SingleImage|x86
	EndGlobalSection
	GlobalSection(ProjectConfigurationPlatforms) = postSolution
		{B1F87363-142E-41CE-8B44-E31082EEDA68}.CD_ROM|Any CPU.ActiveCfg = Release|Any CPU
		{B1F87363-142E-41CE-8B44-E31082EEDA68}.CD_ROM|Any CPU.Build.0 = Release|Any CPU
		{B1F87363-142E-41CE-8B44-E31082EEDA68}.CD_ROM|x86.ActiveCfg = Release|Any CPU
		{B1F87363-142E-41CE-8B44-E31082EEDA68}.CD_ROM|x86.Build.0 = Release|Any CPU
		{B1F87363-142E-41CE-8B44-E31082EEDA68}.Debug|Any CPU.ActiveCfg = Debug|Any CPU
		{B1F87363-142E-41CE-8B44-E31082EEDA68}.Debug|Any CPU.Build.0 = Debug|Any CPU
		{B1F87363-142E-41CE-8B44-E31082EEDA68}.Debug|x86.ActiveCfg = Debug|Any CPU
		{B1F87363-142E-41CE-8B44-E31082EEDA68}.Debug|x86.Build.0 = Debug|Any CPU
		{B1F87363-142E-41CE-8B44-E31082EEDA68}.DVD-5|Any CPU.ActiveCfg = Debug|Any CPU
		{B1F87363-142E-41CE-8B44-E31082EEDA68}.DVD-5|Any CPU.Build.0 = Debug|Any CPU
		{B1F87363-142E-41CE-8B44-E31082EEDA68}.DVD-5|x86.ActiveCfg = Debug|Any CPU
		{B1F87363-142E-41CE-8B44-E31082EEDA68}.DVD-5|x86.Build.0 = Debug|Any CPU
		{B1F87363-142E-41CE-8B44-E31082EEDA68}.Release|Any CPU.ActiveCfg = Release|Any CPU
		{B1F87363-142E-41CE-8B44-E31082EEDA68}.Release|Any CPU.Build.0 = Release|Any CPU
		{B1F87363-142E-41CE-8B44-E31082EEDA68}.Release|x86.ActiveCfg = Release|Any CPU
		{B1F87363-142E-41CE-8B44-E31082EEDA68}.Release|x86.Build.0 = Release|Any CPU
		{B1F87363-142E-41CE-8B44-E31082EEDA68}.SingleImage|Any CPU.ActiveCfg = Release|Any CPU
		{B1F87363-142E-41CE-8B44-E31082EEDA68}.SingleImage|Any CPU.Build.0 = Release|Any CPU
		{B1F87363-142E-41CE-8B44-E31082EEDA68}.SingleImage|x86.ActiveCfg = Release|Any CPU
		{B1F87363-142E-41CE-8B44-E31082EEDA68}.SingleImage|x86.Build.0 = Release|Any CPU
		{BC070117-CAD0-4B62-AB0E-5F6B4955F164}.CD_ROM|Any CPU.ActiveCfg = Release|Any CPU
		{BC070117-CAD0-4B62-AB0E-5F6B4955F164}.CD_ROM|Any CPU.Build.0 = Release|Any CPU
		{BC070117-CAD0-4B62-AB0E-5F6B4955F164}.CD_ROM|x86.ActiveCfg = Release|x86
		{BC070117-CAD0-4B62-AB0E-5F6B4955F164}.CD_ROM|x86.Build.0 = Release|x86
		{BC070117-CAD0-4B62-AB0E-5F6B4955F164}.Debug|Any CPU.ActiveCfg = Debug|Any CPU
		{BC070117-CAD0-4B62-AB0E-5F6B4955F164}.Debug|Any CPU.Build.0 = Debug|Any CPU
		{BC070117-CAD0-4B62-AB0E-5F6B4955F164}.Debug|x86.ActiveCfg = Debug|x86
		{BC070117-CAD0-4B62-AB0E-5F6B4955F164}.Debug|x86.Build.0 = Debug|x86
		{BC070117-CAD0-4B62-AB0E-5F6B4955F164}.DVD-5|Any CPU.ActiveCfg = Debug|Any CPU
		{BC070117-CAD0-4B62-AB0E-5F6B4955F164}.DVD-5|Any CPU.Build.0 = Debug|Any CPU
		{BC070117-CAD0-4B62-AB0E-5F6B4955F164}.DVD-5|x86.ActiveCfg = Debug|x86
		{BC070117-CAD0-4B62-AB0E-5F6B4955F164}.DVD-5|x86.Build.0 = Debug|x86
		{BC070117-CAD0-4B62-AB0E-5F6B4955F164}.Release|Any CPU.ActiveCfg = Release|Any CPU
		{BC070117-CAD0-4B62-AB0E-5F6B4955F164}.Release|Any CPU.Build.0 = Release|Any CPU
		{BC070117-CAD0-4B62-AB0E-5F6B4955F164}.Release|x86.ActiveCfg = Release|x86
		{BC070117-CAD0-4B62-AB0E-5F6B4955F164}.Release|x86.Build.0 = Release|x86
		{BC070117-CAD0-4B62-AB0E-5F6B4955F164}.SingleImage|Any CPU.ActiveCfg = Release|Any CPU
		{BC070117-CAD0-4B62-AB0E-5F6B4955F164}.SingleImage|Any CPU.Build.0 = Release|Any CPU
		{BC070117-CAD0-4B62-AB0E-5F6B4955F164}.SingleImage|x86.ActiveCfg = Release|x86
		{BC070117-CAD0-4B62-AB0E-5F6B4955F164}.SingleImage|x86.Build.0 = Release|x86
		{B0E1B5D8-A365-4E65-871C-672B9C6680D0}.CD_ROM|Any CPU.ActiveCfg = Release|Any CPU
		{B0E1B5D8-A365-4E65-871C-672B9C6680D0}.CD_ROM|Any CPU.Build.0 = Release|Any CPU
		{B0E1B5D8-A365-4E65-871C-672B9C6680D0}.CD_ROM|x86.ActiveCfg = Release|Any CPU
		{B0E1B5D8-A365-4E65-871C-672B9C6680D0}.CD_ROM|x86.Build.0 = Release|Any CPU
		{B0E1B5D8-A365-4E65-871C-672B9C6680D0}.Debug|Any CPU.ActiveCfg = Debug|Any CPU
		{B0E1B5D8-A365-4E65-871C-672B9C6680D0}.Debug|Any CPU.Build.0 = Debug|Any CPU
		{B0E1B5D8-A365-4E65-871C-672B9C6680D0}.Debug|x86.ActiveCfg = Debug|Any CPU
		{B0E1B5D8-A365-4E65-871C-672B9C6680D0}.Debug|x86.Build.0 = Debug|Any CPU
		{B0E1B5D8-A365-4E65-871C-672B9C6680D0}.DVD-5|Any CPU.ActiveCfg = Debug|Any CPU
		{B0E1B5D8-A365-4E65-871C-672B9C6680D0}.DVD-5|Any CPU.Build.0 = Debug|Any CPU
		{B0E1B5D8-A365-4E65-871C-672B9C6680D0}.DVD-5|x86.ActiveCfg = Debug|Any CPU
		{B0E1B5D8-A365-4E65-871C-672B9C6680D0}.DVD-5|x86.Build.0 = Debug|Any CPU
		{B0E1B5D8-A365-4E65-871C-672B9C6680D0}.Release|Any CPU.ActiveCfg = Release|Any CPU
		{B0E1B5D8-A365-4E65-871C-672B9C6680D0}.Release|Any CPU.Build.0 = Release|Any CPU
		{B0E1B5D8-A365-4E65-871C-672B9C6680D0}.Release|x86.ActiveCfg = Release|Any CPU
		{B0E1B5D8-A365-4E65-871C-672B9C6680D0}.Release|x86.Build.0 = Release|Any CPU
		{B0E1B5D8-A365-4E65-871C-672B9C6680D0}.SingleImage|Any CPU.ActiveCfg = Release|Any CPU
		{B0E1B5D8-A365-4E65-871C-672B9C6680D0}.SingleImage|Any CPU.Build.0 = Release|Any CPU
		{B0E1B5D8-A365-4E65-871C-672B9C6680D0}.SingleImage|x86.ActiveCfg = Release|Any CPU
		{B0E1B5D8-A365-4E65-871C-672B9C6680D0}.SingleImage|x86.Build.0 = Release|Any CPU
		{C10C60AF-9AB7-4BE9-B448-41CB8E64AE11}.CD_ROM|Any CPU.ActiveCfg = CD_ROM
		{C10C60AF-9AB7-4BE9-B448-41CB8E64AE11}.CD_ROM|Any CPU.Build.0 = CD_ROM
		{C10C60AF-9AB7-4BE9-B448-41CB8E64AE11}.CD_ROM|x86.ActiveCfg = CD_ROM
		{C10C60AF-9AB7-4BE9-B448-41CB8E64AE11}.CD_ROM|x86.Build.0 = CD_ROM
		{C10C60AF-9AB7-4BE9-B448-41CB8E64AE11}.Debug|Any CPU.ActiveCfg = DVD-5
		{C10C60AF-9AB7-4BE9-B448-41CB8E64AE11}.Debug|Any CPU.Build.0 = DVD-5
		{C10C60AF-9AB7-4BE9-B448-41CB8E64AE11}.Debug|x86.ActiveCfg = DVD-5
		{C10C60AF-9AB7-4BE9-B448-41CB8E64AE11}.Debug|x86.Build.0 = DVD-5
		{C10C60AF-9AB7-4BE9-B448-41CB8E64AE11}.DVD-5|Any CPU.ActiveCfg = DVD-5
		{C10C60AF-9AB7-4BE9-B448-41CB8E64AE11}.DVD-5|Any CPU.Build.0 = DVD-5
		{C10C60AF-9AB7-4BE9-B448-41CB8E64AE11}.DVD-5|x86.ActiveCfg = DVD-5
		{C10C60AF-9AB7-4BE9-B448-41CB8E64AE11}.DVD-5|x86.Build.0 = DVD-5
		{C10C60AF-9AB7-4BE9-B448-41CB8E64AE11}.Release|Any CPU.ActiveCfg = SingleImage
		{C10C60AF-9AB7-4BE9-B448-41CB8E64AE11}.Release|Any CPU.Build.0 = SingleImage
		{C10C60AF-9AB7-4BE9-B448-41CB8E64AE11}.Release|x86.ActiveCfg = SingleImage
		{C10C60AF-9AB7-4BE9-B448-41CB8E64AE11}.Release|x86.Build.0 = SingleImage
		{C10C60AF-9AB7-4BE9-B448-41CB8E64AE11}.SingleImage|Any CPU.ActiveCfg = SingleImage
		{C10C60AF-9AB7-4BE9-B448-41CB8E64AE11}.SingleImage|Any CPU.Build.0 = SingleImage
		{C10C60AF-9AB7-4BE9-B448-41CB8E64AE11}.SingleImage|x86.ActiveCfg = SingleImage
		{C10C60AF-9AB7-4BE9-B448-41CB8E64AE11}.SingleImage|x86.Build.0 = SingleImage
	EndGlobalSection
	GlobalSection(SolutionProperties) = preSolution
		HideSolutionNode = FALSE
	EndGlobalSection
EndGlobal
